
Microsoft Visual Studio Solution File, Format Version 11.00
# Visual Studio 2010
Project("{F088123C-0E9E-452A-89E6-6BA2F21D5CAC}") = "HR_Project", "HR_Project\HR_Project.modelproj", "{5F80F359-3C70-48A6-8134-5A9914059FC5}"
EndProject
Project("{FAE04EC0-301F-11D3-BF4B-00C04F79EFBC}") = "DataAccessObjects", "DataAccessLayer\DataAccessObjects.csproj", "{E1944CF1-0594-427F-B3AA-4DC6EA6E044D}"
EndProject
Project("{FAE04EC0-301F-11D3-BF4B-00C04F79EFBC}") = "DataAccess", "..\..\DataAccess\DbConnection\DataAccess.csproj", "{B4CBA66C-1F28-4643-BAFA-2276D73853D0}"
EndProject
Project("{FAE04EC0-301F-11D3-BF4B-00C04F79EFBC}") = "DomainObjects", "DomainObjects\DomainObjects.csproj", "{EAA76604-CD0E-483B-B002-F0684FC1BB38}"
EndProject
Project("{FAE04EC0-301F-11D3-BF4B-00C04F79EFBC}") = "ModelObjects", "ModelObjects\ModelObjects.csproj", "{799C26B7-370B-416B-B329-A1C94ED247AF}"
EndProject
Global
	GlobalSection(SolutionConfigurationPlatforms) = preSolution
		Debug|Any CPU = Debug|Any CPU
		Release|Any CPU = Release|Any CPU
	EndGlobalSection
	GlobalSection(ProjectConfigurationPlatforms) = postSolution
		{5F80F359-3C70-48A6-8134-5A9914059FC5}.Debug|Any CPU.ActiveCfg = Debug|Any CPU
		{5F80F359-3C70-48A6-8134-5A9914059FC5}.Debug|Any CPU.Build.0 = Debug|Any CPU
		{5F80F359-3C70-48A6-8134-5A9914059FC5}.Release|Any CPU.ActiveCfg = Release|Any CPU
		{5F80F359-3C70-48A6-8134-5A9914059FC5}.Release|Any CPU.Build.0 = Release|Any CPU
		{E1944CF1-0594-427F-B3AA-4DC6EA6E044D}.Debug|Any CPU.ActiveCfg = Debug|Any CPU
		{E1944CF1-0594-427F-B3AA-4DC6EA6E044D}.Debug|Any CPU.Build.0 = Debug|Any CPU
		{E1944CF1-0594-427F-B3AA-4DC6EA6E044D}.Release|Any CPU.ActiveCfg = Release|Any CPU
		{E1944CF1-0594-427F-B3AA-4DC6EA6E044D}.Release|Any CPU.Build.0 = Release|Any CPU
		{B4CBA66C-1F28-4643-BAFA-2276D73853D0}.Debug|Any CPU.ActiveCfg = Debug|Any CPU
		{B4CBA66C-1F28-4643-BAFA-2276D73853D0}.Debug|Any CPU.Build.0 = Debug|Any CPU
		{B4CBA66C-1F28-4643-BAFA-2276D73853D0}.Release|Any CPU.ActiveCfg = Release|Any CPU
		{B4CBA66C-1F28-4643-BAFA-2276D73853D0}.Release|Any CPU.Build.0 = Release|Any CPU
		{EAA76604-CD0E-483B-B002-F0684FC1BB38}.Debug|Any CPU.ActiveCfg = Debug|Any CPU
		{EAA76604-CD0E-483B-B002-F0684FC1BB38}.Debug|Any CPU.Build.0 = Debug|Any CPU
		{EAA76604-CD0E-483B-B002-F0684FC1BB38}.Release|Any CPU.ActiveCfg = Release|Any CPU
		{EAA76604-CD0E-483B-B002-F0684FC1BB38}.Release|Any CPU.Build.0 = Release|Any CPU
		{799C26B7-370B-416B-B329-A1C94ED247AF}.Debug|Any CPU.ActiveCfg = Debug|Any CPU
		{799C26B7-370B-416B-B329-A1C94ED247AF}.Debug|Any CPU.Build.0 = Debug|Any CPU
		{799C26B7-370B-416B-B329-A1C94ED247AF}.Release|Any CPU.ActiveCfg = Release|Any CPU
		{799C26B7-370B-416B-B329-A1C94ED247AF}.Release|Any CPU.Build.0 = Release|Any CPU
	EndGlobalSection
	GlobalSection(SolutionProperties) = preSolution
		HideSolutionNode = FALSE
	EndGlobalSection
EndGlobal
